
Microsoft Visual Studio Solution File, Format Version 12.00
# Visual Studio 2013
VisualStudioVersion = 12.0.31101.0
MinimumVisualStudioVersion = 10.0.40219.1
Project("{FAE04EC0-301F-11D3-BF4B-00C04F79EFBC}") = "TicketSystem.Models", "TicketSystem.Models\TicketSystem.Models.csproj", "{D3F15A62-A2EC-4D9A-BD2F-E3242A4CC7AC}"
EndProject
Project("{FAE04EC0-301F-11D3-BF4B-00C04F79EFBC}") = "TicketSystem.Web", "TicketSystem.Web\TicketSystem.Web.csproj", "{DDA5120A-8CA8-4C26-B3FB-9069899C8C6F}"
EndProject
Project("{FAE04EC0-301F-11D3-BF4B-00C04F79EFBC}") = "TicketSystem.Data", "TicketSystem.Data\TicketSystem.Data.csproj", "{95EFCC41-1E5D-4B7C-9CC6-94C60512D50C}"
EndProject
Project("{FAE04EC0-301F-11D3-BF4B-00C04F79EFBC}") = "TicketSystem.Common", "TicketSystem.Common\TicketSystem.Common.csproj", "{F1EFC371-34F0-420F-A2DE-22B23FFD8003}"
EndProject
Global
	GlobalSection(SolutionConfigurationPlatforms) = preSolution
		Debug|Any CPU = Debug|Any CPU
		Release|Any CPU = Release|Any CPU
	EndGlobalSection
	GlobalSection(ProjectConfigurationPlatforms) = postSolution
		{D3F15A62-A2EC-4D9A-BD2F-E3242A4CC7AC}.Debug|Any CPU.ActiveCfg = Debug|Any CPU
		{D3F15A62-A2EC-4D9A-BD2F-E3242A4CC7AC}.Debug|Any CPU.Build.0 = Debug|Any CPU
		{D3F15A62-A2EC-4D9A-BD2F-E3242A4CC7AC}.Release|Any CPU.ActiveCfg = Release|Any CPU
		{D3F15A62-A2EC-4D9A-BD2F-E3242A4CC7AC}.Release|Any CPU.Build.0 = Release|Any CPU
		{DDA5120A-8CA8-4C26-B3FB-9069899C8C6F}.Debug|Any CPU.ActiveCfg = Debug|Any CPU
		{DDA5120A-8CA8-4C26-B3FB-9069899C8C6F}.Debug|Any CPU.Build.0 = Debug|Any CPU
		{DDA5120A-8CA8-4C26-B3FB-9069899C8C6F}.Release|Any CPU.ActiveCfg = Release|Any CPU
		{DDA5120A-8CA8-4C26-B3FB-9069899C8C6F}.Release|Any CPU.Build.0 = Release|Any CPU
		{95EFCC41-1E5D-4B7C-9CC6-94C60512D50C}.Debug|Any CPU.ActiveCfg = Debug|Any CPU
		{95EFCC41-1E5D-4B7C-9CC6-94C60512D50C}.Debug|Any CPU.Build.0 = Debug|Any CPU
		{95EFCC41-1E5D-4B7C-9CC6-94C60512D50C}.Release|Any CPU.ActiveCfg = Release|Any CPU
		{95EFCC41-1E5D-4B7C-9CC6-94C60512D50C}.Release|Any CPU.Build.0 = Release|Any CPU
		{F1EFC371-34F0-420F-A2DE-22B23FFD8003}.Debug|Any CPU.ActiveCfg = Debug|Any CPU
		{F1EFC371-34F0-420F-A2DE-22B23FFD8003}.Debug|Any CPU.Build.0 = Debug|Any CPU
		{F1EFC371-34F0-420F-A2DE-22B23FFD8003}.Release|Any CPU.ActiveCfg = Release|Any CPU
		{F1EFC371-34F0-420F-A2DE-22B23FFD8003}.Release|Any CPU.Build.0 = Release|Any CPU
	EndGlobalSection
	GlobalSection(SolutionProperties) = preSolution
		HideSolutionNode = FALSE
	EndGlobalSection
EndGlobal
